
Microsoft Visual Studio Solution File, Format Version 12.00
# Visual Studio Version 17
VisualStudioVersion = 17.3.32929.385
MinimumVisualStudioVersion = 10.0.40219.1
Project("{FAE04EC0-301F-11D3-BF4B-00C04F79EFBC}") = "PeliculaBackEnd", "PeliculaBackEnd\PeliculaBackEnd.csproj", "{BB43F359-6F09-4384-886A-372D0E65A576}"
EndProject
Global
	GlobalSection(SolutionConfigurationPlatforms) = preSolution
		Debug|Any CPU = Debug|Any CPU
		Release|Any CPU = Release|Any CPU
	EndGlobalSection
	GlobalSection(ProjectConfigurationPlatforms) = postSolution
		{BB43F359-6F09-4384-886A-372D0E65A576}.Debug|Any CPU.ActiveCfg = Debug|Any CPU
		{BB43F359-6F09-4384-886A-372D0E65A576}.Debug|Any CPU.Build.0 = Debug|Any CPU
		{BB43F359-6F09-4384-886A-372D0E65A576}.Release|Any CPU.ActiveCfg = Release|Any CPU
		{BB43F359-6F09-4384-886A-372D0E65A576}.Release|Any CPU.Build.0 = Release|Any CPU
	EndGlobalSection
	GlobalSection(SolutionProperties) = preSolution
		HideSolutionNode = FALSE
	EndGlobalSection
	GlobalSection(ExtensibilityGlobals) = postSolution
		SolutionGuid = {AA85C637-A377-44EB-9EE2-D3A84224C1EB}
	EndGlobalSection
EndGlobal
